// !$*UTF8*$!
{
	archiveVersion = 1;
	classes = {
	};
	objectVersion = 46;
	objects = {

/* Begin PBXBuildFile section */
		2D79C9941EE75EEA00D57FB3 /* AppDelegate.swift in Sources */ = {isa = PBXBuildFile; fileRef = 2D79C9931EE75EEA00D57FB3 /* AppDelegate.swift */; };
		2D79C9961EE75EEA00D57FB3 /* ViewController.swift in Sources */ = {isa = PBXBuildFile; fileRef = 2D79C9951EE75EEA00D57FB3 /* ViewController.swift */; };
		2D79C9991EE75EEA00D57FB3 /* Main.storyboard in Resources */ = {isa = PBXBuildFile; fileRef = 2D79C9971EE75EEA00D57FB3 /* Main.storyboard */; };
		2D79C99C1EE75EEA00D57FB3 /* unifyIDchallenge.xcdatamodeld in Sources */ = {isa = PBXBuildFile; fileRef = 2D79C99A1EE75EEA00D57FB3 /* unifyIDchallenge.xcdatamodeld */; };
		2D79C99E1EE75EEA00D57FB3 /* Assets.xcassets in Resources */ = {isa = PBXBuildFile; fileRef = 2D79C99D1EE75EEA00D57FB3 /* Assets.xcassets */; };
		2D79C9A11EE75EEA00D57FB3 /* LaunchScreen.storyboard in Resources */ = {isa = PBXBuildFile; fileRef = 2D79C99F1EE75EEA00D57FB3 /* LaunchScreen.storyboard */; };
		2D79C9AC1EE75EEA00D57FB3 /* unifyIDchallengeTests.swift in Sources */ = {isa = PBXBuildFile; fileRef = 2D79C9AB1EE75EEA00D57FB3 /* unifyIDchallengeTests.swift */; };
		2D79C9B71EE75EEA00D57FB3 /* unifyIDchallengeUITests.swift in Sources */ = {isa = PBXBuildFile; fileRef = 2D79C9B61EE75EEA00D57FB3 /* unifyIDchallengeUITests.swift */; };
		51DA01508A059C97F0162ABA /* Pods_unifyIDchallenge.framework in Frameworks */ = {isa = PBXBuildFile; fileRef = BFA2DA6A0F17F937EF7F6790 /* Pods_unifyIDchallenge.framework */; };
		597329104E84E41611101089 /* Pods_unifyIDchallengeUITests.framework in Frameworks */ = {isa = PBXBuildFile; fileRef = DB225CCDD10A3ED04201C0E7 /* Pods_unifyIDchallengeUITests.framework */; };
		CD9DCB2FB65EC16AC01BED03 /* Pods_unifyIDchallengeTests.framework in Frameworks */ = {isa = PBXBuildFile; fileRef = AFE8B0ADD3293E8386889DCB /* Pods_unifyIDchallengeTests.framework */; };
/* End PBXBuildFile section */

/* Begin PBXContainerItemProxy section */
		2D79C9A81EE75EEA00D57FB3 /* PBXContainerItemProxy */ = {
			isa = PBXContainerItemProxy;
			containerPortal = 2D79C9881EE75EEA00D57FB3 /* Project object */;
			proxyType = 1;
			remoteGlobalIDString = 2D79C98F1EE75EEA00D57FB3;
			remoteInfo = unifyIDchallenge;
		};
		2D79C9B31EE75EEA00D57FB3 /* PBXContainerItemProxy */ = {
			isa = PBXContainerItemProxy;
			containerPortal = 2D79C9881EE75EEA00D57FB3 /* Project object */;
			proxyType = 1;
			remoteGlobalIDString = 2D79C98F1EE75EEA00D57FB3;
			remoteInfo = unifyIDchallenge;
		};
/* End PBXContainerItemProxy section */

/* Begin PBXFileReference section */
		10511DD76A0747EDD3A7E89A /* Pods-unifyIDchallengeUITests.release.xcconfig */ = {isa = PBXFileReference; includeInIndex = 1; lastKnownFileType = text.xcconfig; name = "Pods-unifyIDchallengeUITests.release.xcconfig"; path = "Pods/Target Support Files/Pods-unifyIDchallengeUITests/Pods-unifyIDchallengeUITests.release.xcconfig"; sourceTree = "<group>"; };
		2D79C9901EE75EEA00D57FB3 /* unifyIDchallenge.app */ = {isa = PBXFileReference; explicitFileType = wrapper.application; includeInIndex = 0; path = unifyIDchallenge.app; sourceTree = BUILT_PRODUCTS_DIR; };
		2D79C9931EE75EEA00D57FB3 /* AppDelegate.swift */ = {isa = PBXFileReference; lastKnownFileType = sourcecode.swift; path = AppDelegate.swift; sourceTree = "<group>"; };
		2D79C9951EE75EEA00D57FB3 /* ViewController.swift */ = {isa = PBXFileReference; lastKnownFileType = sourcecode.swift; path = ViewController.swift; sourceTree = "<group>"; };
		2D79C9981EE75EEA00D57FB3 /* Base */ = {isa = PBXFileReference; lastKnownFileType = file.storyboard; name = Base; path = Base.lproj/Main.storyboard; sourceTree = "<group>"; };
		2D79C99B1EE75EEA00D57FB3 /* unifyIDchallenge.xcdatamodel */ = {isa = PBXFileReference; lastKnownFileType = wrapper.xcdatamodel; path = unifyIDchallenge.xcdatamodel; sourceTree = "<group>"; };
		2D79C99D1EE75EEA00D57FB3 /* Assets.xcassets */ = {isa = PBXFileReference; lastKnownFileType = folder.assetcatalog; path = Assets.xcassets; sourceTree = "<group>"; };
		2D79C9A01EE75EEA00D57FB3 /* Base */ = {isa = PBXFileReference; lastKnownFileType = file.storyboard; name = Base; path = Base.lproj/LaunchScreen.storyboard; sourceTree = "<group>"; };
		2D79C9A21EE75EEA00D57FB3 /* Info.plist */ = {isa = PBXFileReference; lastKnownFileType = text.plist.xml; path = Info.plist; sourceTree = "<group>"; };
		2D79C9A71EE75EEA00D57FB3 /* unifyIDchallengeTests.xctest */ = {isa = PBXFileReference; explicitFileType = wrapper.cfbundle; includeInIndex = 0; path = unifyIDchallengeTests.xctest; sourceTree = BUILT_PRODUCTS_DIR; };
		2D79C9AB1EE75EEA00D57FB3 /* unifyIDchallengeTests.swift */ = {isa = PBXFileReference; lastKnownFileType = sourcecode.swift; path = unifyIDchallengeTests.swift; sourceTree = "<group>"; };
		2D79C9AD1EE75EEA00D57FB3 /* Info.plist */ = {isa = PBXFileReference; lastKnownFileType = text.plist.xml; path = Info.plist; sourceTree = "<group>"; };
		2D79C9B21EE75EEA00D57FB3 /* unifyIDchallengeUITests.xctest */ = {isa = PBXFileReference; explicitFileType = wrapper.cfbundle; includeInIndex = 0; path = unifyIDchallengeUITests.xctest; sourceTree = BUILT_PRODUCTS_DIR; };
		2D79C9B61EE75EEA00D57FB3 /* unifyIDchallengeUITests.swift */ = {isa = PBXFileReference; lastKnownFileType = sourcecode.swift; path = unifyIDchallengeUITests.swift; sourceTree = "<group>"; };
		2D79C9B81EE75EEA00D57FB3 /* Info.plist */ = {isa = PBXFileReference; lastKnownFileType = text.plist.xml; path = Info.plist; sourceTree = "<group>"; };
		614CC87A0818D0604C0769F3 /* Pods-unifyIDchallenge.debug.xcconfig */ = {isa = PBXFileReference; includeInIndex = 1; lastKnownFileType = text.xcconfig; name = "Pods-unifyIDchallenge.debug.xcconfig"; path = "Pods/Target Support Files/Pods-unifyIDchallenge/Pods-unifyIDchallenge.debug.xcconfig"; sourceTree = "<group>"; };
		780A64C97528C9EE211635B4 /* Pods-unifyIDchallengeTests.release.xcconfig */ = {isa = PBXFileReference; includeInIndex = 1; lastKnownFileType = text.xcconfig; name = "Pods-unifyIDchallengeTests.release.xcconfig"; path = "Pods/Target Support Files/Pods-unifyIDchallengeTests/Pods-unifyIDchallengeTests.release.xcconfig"; sourceTree = "<group>"; };
		A10D3A8AFD4BAA35A6E3B806 /* Pods-unifyIDchallengeUITests.debug.xcconfig */ = {isa = PBXFileReference; includeInIndex = 1; lastKnownFileType = text.xcconfig; name = "Pods-unifyIDchallengeUITests.debug.xcconfig"; path = "Pods/Target Support Files/Pods-unifyIDchallengeUITests/Pods-unifyIDchallengeUITests.debug.xcconfig"; sourceTree = "<group>"; };
		AFE8B0ADD3293E8386889DCB /* Pods_unifyIDchallengeTests.framework */ = {isa = PBXFileReference; explicitFileType = wrapper.framework; includeInIndex = 0; path = Pods_unifyIDchallengeTests.framework; sourceTree = BUILT_PRODUCTS_DIR; };
		BD247D2970160EDFC8923DC2 /* Pods-unifyIDchallengeTests.debug.xcconfig */ = {isa = PBXFileReference; includeInIndex = 1; lastKnownFileType = text.xcconfig; name = "Pods-unifyIDchallengeTests.debug.xcconfig"; path = "Pods/Target Support Files/Pods-unifyIDchallengeTests/Pods-unifyIDchallengeTests.debug.xcconfig"; sourceTree = "<group>"; };
		BFA2DA6A0F17F937EF7F6790 /* Pods_unifyIDchallenge.framework */ = {isa = PBXFileReference; explicitFileType = wrapper.framework; includeInIndex = 0; path = Pods_unifyIDchallenge.framework; sourceTree = BUILT_PRODUCTS_DIR; };
		DB225CCDD10A3ED04201C0E7 /* Pods_unifyIDchallengeUITests.framework */ = {isa = PBXFileReference; explicitFileType = wrapper.framework; includeInIndex = 0; path = Pods_unifyIDchallengeUITests.framework; sourceTree = BUILT_PRODUCTS_DIR; };
		DCBBBFFE8EFBF5E9B0FF4259 /* Pods-unifyIDchallenge.release.xcconfig */ = {isa = PBXFileReference; includeInIndex = 1; lastKnownFileType = text.xcconfig; name = "Pods-unifyIDchallenge.release.xcconfig"; path = "Pods/Target Support Files/Pods-unifyIDchallenge/Pods-unifyIDchallenge.release.xcconfig"; sourceTree = "<group>"; };
/* End PBXFileReference section */

/* Begin PBXFrameworksBuildPhase section */
		2D79C98D1EE75EEA00D57FB3 /* Frameworks */ = {
			isa = PBXFrameworksBuildPhase;
			buildActionMask = 2147483647;
			files = (
				51DA01508A059C97F0162ABA /* Pods_unifyIDchallenge.framework in Frameworks */,
			);
			runOnlyForDeploymentPostprocessing = 0;
		};
		2D79C9A41EE75EEA00D57FB3 /* Frameworks */ = {
			isa = PBXFrameworksBuildPhase;
			buildActionMask = 2147483647;
			files = (
				CD9DCB2FB65EC16AC01BED03 /* Pods_unifyIDchallengeTests.framework in Frameworks */,
			);
			runOnlyForDeploymentPostprocessing = 0;
		};
		2D79C9AF1EE75EEA00D57FB3 /* Frameworks */ = {
			isa = PBXFrameworksBuildPhase;
			buildActionMask = 2147483647;
			files = (
				597329104E84E41611101089 /* Pods_unifyIDchallengeUITests.framework in Frameworks */,
			);
			runOnlyForDeploymentPostprocessing = 0;
		};
/* End PBXFrameworksBuildPhase section */

/* Begin PBXGroup section */
		2D79C9871EE75EEA00D57FB3 = {
			isa = PBXGroup;
			children = (
				2D79C9921EE75EEA00D57FB3 /* unifyIDchallenge */,
				2D79C9AA1EE75EEA00D57FB3 /* unifyIDchallengeTests */,
				2D79C9B51EE75EEA00D57FB3 /* unifyIDchallengeUITests */,
				2D79C9911EE75EEA00D57FB3 /* Products */,
				AB8902E438386F452A0A6436 /* Pods */,
				2E5C1047837278B586BBE9B0 /* Frameworks */,
			);
			sourceTree = "<group>";
		};
		2D79C9911EE75EEA00D57FB3 /* Products */ = {
			isa = PBXGroup;
			children = (
				2D79C9901EE75EEA00D57FB3 /* unifyIDchallenge.app */,
				2D79C9A71EE75EEA00D57FB3 /* unifyIDchallengeTests.xctest */,
				2D79C9B21EE75EEA00D57FB3 /* unifyIDchallengeUITests.xctest */,
			);
			name = Products;
			sourceTree = "<group>";
		};
		2D79C9921EE75EEA00D57FB3 /* unifyIDchallenge */ = {
			isa = PBXGroup;
			children = (
				2D79C9931EE75EEA00D57FB3 /* AppDelegate.swift */,
				2D79C9951EE75EEA00D57FB3 /* ViewController.swift */,
				2D79C9971EE75EEA00D57FB3 /* Main.storyboard */,
				2D79C99D1EE75EEA00D57FB3 /* Assets.xcassets */,
				2D79C99F1EE75EEA00D57FB3 /* LaunchScreen.storyboard */,
				2D79C9A21EE75EEA00D57FB3 /* Info.plist */,
				2D79C99A1EE75EEA00D57FB3 /* unifyIDchallenge.xcdatamodeld */,
			);
			path = unifyIDchallenge;
			sourceTree = "<group>";
		};
		2D79C9AA1EE75EEA00D57FB3 /* unifyIDchallengeTests */ = {
			isa = PBXGroup;
			children = (
				2D79C9AB1EE75EEA00D57FB3 /* unifyIDchallengeTests.swift */,
				2D79C9AD1EE75EEA00D57FB3 /* Info.plist */,
			);
			path = unifyIDchallengeTests;
			sourceTree = "<group>";
		};
		2D79C9B51EE75EEA00D57FB3 /* unifyIDchallengeUITests */ = {
			isa = PBXGroup;
			children = (
				2D79C9B61EE75EEA00D57FB3 /* unifyIDchallengeUITests.swift */,
				2D79C9B81EE75EEA00D57FB3 /* Info.plist */,
			);
			path = unifyIDchallengeUITests;
			sourceTree = "<group>";
		};
		2E5C1047837278B586BBE9B0 /* Frameworks */ = {
			isa = PBXGroup;
			children = (
				BFA2DA6A0F17F937EF7F6790 /* Pods_unifyIDchallenge.framework */,
				AFE8B0ADD3293E8386889DCB /* Pods_unifyIDchallengeTests.framework */,
				DB225CCDD10A3ED04201C0E7 /* Pods_unifyIDchallengeUITests.framework */,
			);
			name = Frameworks;
			sourceTree = "<group>";
		};
		AB8902E438386F452A0A6436 /* Pods */ = {
			isa = PBXGroup;
			children = (
				614CC87A0818D0604C0769F3 /* Pods-unifyIDchallenge.debug.xcconfig */,
				DCBBBFFE8EFBF5E9B0FF4259 /* Pods-unifyIDchallenge.release.xcconfig */,
				BD247D2970160EDFC8923DC2 /* Pods-unifyIDchallengeTests.debug.xcconfig */,
				780A64C97528C9EE211635B4 /* Pods-unifyIDchallengeTests.release.xcconfig */,
				A10D3A8AFD4BAA35A6E3B806 /* Pods-unifyIDchallengeUITests.debug.xcconfig */,
				10511DD76A0747EDD3A7E89A /* Pods-unifyIDchallengeUITests.release.xcconfig */,
			);
			name = Pods;
			sourceTree = "<group>";
		};
/* End PBXGroup section */

/* Begin PBXNativeTarget section */
		2D79C98F1EE75EEA00D57FB3 /* unifyIDchallenge */ = {
			isa = PBXNativeTarget;
			buildConfigurationList = 2D79C9BB1EE75EEA00D57FB3 /* Build configuration list for PBXNativeTarget "unifyIDchallenge" */;
			buildPhases = (
				EB4CC799AD59BB7EAAF935AF /* [CP] Check Pods Manifest.lock */,
				2D79C98C1EE75EEA00D57FB3 /* Sources */,
				2D79C98D1EE75EEA00D57FB3 /* Frameworks */,
				2D79C98E1EE75EEA00D57FB3 /* Resources */,
				33548FFB795A6FAF887FE7E9 /* [CP] Embed Pods Frameworks */,
				F79751C29330EF1FDAC9C418 /* [CP] Copy Pods Resources */,
			);
			buildRules = (
			);
			dependencies = (
			);
			name = unifyIDchallenge;
			productName = unifyIDchallenge;
			productReference = 2D79C9901EE75EEA00D57FB3 /* unifyIDchallenge.app */;
			productType = "com.apple.product-type.application";
		};
		2D79C9A61EE75EEA00D57FB3 /* unifyIDchallengeTests */ = {
			isa = PBXNativeTarget;
			buildConfigurationList = 2D79C9BE1EE75EEA00D57FB3 /* Build configuration list for PBXNativeTarget "unifyIDchallengeTests" */;
			buildPhases = (
				F9A1C18D20F7A2CA2626720D /* [CP] Check Pods Manifest.lock */,
				2D79C9A31EE75EEA00D57FB3 /* Sources */,
				2D79C9A41EE75EEA00D57FB3 /* Frameworks */,
				2D79C9A51EE75EEA00D57FB3 /* Resources */,
				8FA848F609BA62DEC0215D47 /* [CP] Embed Pods Frameworks */,
				4C178F875DEBDDE5DF4412DA /* [CP] Copy Pods Resources */,
			);
			buildRules = (
			);
			dependencies = (
				2D79C9A91EE75EEA00D57FB3 /* PBXTargetDependency */,
			);
			name = unifyIDchallengeTests;
			productName = unifyIDchallengeTests;
			productReference = 2D79C9A71EE75EEA00D57FB3 /* unifyIDchallengeTests.xctest */;
			productType = "com.apple.product-type.bundle.unit-test";
		};
		2D79C9B11EE75EEA00D57FB3 /* unifyIDchallengeUITests */ = {
			isa = PBXNativeTarget;
			buildConfigurationList = 2D79C9C11EE75EEA00D57FB3 /* Build configuration list for PBXNativeTarget "unifyIDchallengeUITests" */;
			buildPhases = (
				D4419B7AC5C0862BF142BB1C /* [CP] Check Pods Manifest.lock */,
				2D79C9AE1EE75EEA00D57FB3 /* Sources */,
				2D79C9AF1EE75EEA00D57FB3 /* Frameworks */,
				2D79C9B01EE75EEA00D57FB3 /* Resources */,
				75661C55B14E440CAD7D0188 /* [CP] Embed Pods Frameworks */,
				71BE49A256682EC9635B4DA8 /* [CP] Copy Pods Resources */,
			);
			buildRules = (
			);
			dependencies = (
				2D79C9B41EE75EEA00D57FB3 /* PBXTargetDependency */,
			);
			name = unifyIDchallengeUITests;
			productName = unifyIDchallengeUITests;
			productReference = 2D79C9B21EE75EEA00D57FB3 /* unifyIDchallengeUITests.xctest */;
			productType = "com.apple.product-type.bundle.ui-testing";
		};
/* End PBXNativeTarget section */

/* Begin PBXProject section */
		2D79C9881EE75EEA00D57FB3 /* Project object */ = {
			isa = PBXProject;
			attributes = {
				LastSwiftUpdateCheck = 0820;
				LastUpgradeCheck = 0820;
				ORGANIZATIONNAME = "Mathias Klenk";
				TargetAttributes = {
					2D79C98F1EE75EEA00D57FB3 = {
						CreatedOnToolsVersion = 8.2.1;
						DevelopmentTeam = 59Q8U3U6SS;
						ProvisioningStyle = Automatic;
					};
					2D79C9A61EE75EEA00D57FB3 = {
						CreatedOnToolsVersion = 8.2.1;
						DevelopmentTeam = 59Q8U3U6SS;
						ProvisioningStyle = Automatic;
						TestTargetID = 2D79C98F1EE75EEA00D57FB3;
					};
					2D79C9B11EE75EEA00D57FB3 = {
						CreatedOnToolsVersion = 8.2.1;
						DevelopmentTeam = 59Q8U3U6SS;
						ProvisioningStyle = Automatic;
						TestTargetID = 2D79C98F1EE75EEA00D57FB3;
					};
				};
			};
			buildConfigurationList = 2D79C98B1EE75EEA00D57FB3 /* Build configuration list for PBXProject "unifyIDchallenge" */;
			compatibilityVersion = "Xcode 3.2";
			developmentRegion = English;
			hasScannedForEncodings = 0;
			knownRegions = (
				en,
				Base,
			);
			mainGroup = 2D79C9871EE75EEA00D57FB3;
			productRefGroup = 2D79C9911EE75EEA00D57FB3 /* Products */;
			projectDirPath = "";
			projectRoot = "";
			targets = (
				2D79C98F1EE75EEA00D57FB3 /* unifyIDchallenge */,
				2D79C9A61EE75EEA00D57FB3 /* unifyIDchallengeTests */,
				2D79C9B11EE75EEA00D57FB3 /* unifyIDchallengeUITests */,
			);
		};
/* End PBXProject section */

/* Begin PBXResourcesBuildPhase section */
		2D79C98E1EE75EEA00D57FB3 /* Resources */ = {
			isa = PBXResourcesBuildPhase;
			buildActionMask = 2147483647;
			files = (
				2D79C9A11EE75EEA00D57FB3 /* LaunchScreen.storyboard in Resources */,
				2D79C99E1EE75EEA00D57FB3 /* Assets.xcassets in Resources */,
				2D79C9991EE75EEA00D57FB3 /* Main.storyboard in Resources */,
			);
			runOnlyForDeploymentPostprocessing = 0;
		};
		2D79C9A51EE75EEA00D57FB3 /* Resources */ = {
			isa = PBXResourcesBuildPhase;
			buildActionMask = 2147483647;
			files = (
			);
			runOnlyForDeploymentPostprocessing = 0;
		};
		2D79C9B01EE75EEA00D57FB3 /* Resources */ = {
			isa = PBXResourcesBuildPhase;
			buildActionMask = 2147483647;
			files = (
			);
			runOnlyForDeploymentPostprocessing = 0;
		};
/* End PBXResourcesBuildPhase section */

/* Begin PBXShellScriptBuildPhase section */
		33548FFB795A6FAF887FE7E9 /* [CP] Embed Pods Frameworks */ = {
			isa = PBXShellScriptBuildPhase;
			buildActionMask = 2147483647;
			files = (
			);
			inputPaths = (
			);
			name = "[CP] Embed Pods Frameworks";
			outputPaths = (
			);
			runOnlyForDeploymentPostprocessing = 0;
			shellPath = /bin/sh;
			shellScript = "\"${SRCROOT}/Pods/Target Support Files/Pods-unifyIDchallenge/Pods-unifyIDchallenge-frameworks.sh\"\n";
			showEnvVarsInLog = 0;
		};
		4C178F875DEBDDE5DF4412DA /* [CP] Copy Pods Resources */ = {
			isa = PBXShellScriptBuildPhase;
			buildActionMask = 2147483647;
			files = (
			);
			inputPaths = (
			);
			name = "[CP] Copy Pods Resources";
			outputPaths = (
			);
			runOnlyForDeploymentPostprocessing = 0;
			shellPath = /bin/sh;
			shellScript = "\"${SRCROOT}/Pods/Target Support Files/Pods-unifyIDchallengeTests/Pods-unifyIDchallengeTests-resources.sh\"\n";
			showEnvVarsInLog = 0;
		};
		71BE49A256682EC9635B4DA8 /* [CP] Copy Pods Resources */ = {
			isa = PBXShellScriptBuildPhase;
			buildActionMask = 2147483647;
			files = (
			);
			inputPaths = (
			);
			name = "[CP] Copy Pods Resources";
			outputPaths = (
			);
			runOnlyForDeploymentPostprocessing = 0;
			shellPath = /bin/sh;
			shellScript = "\"${SRCROOT}/Pods/Target Support Files/Pods-unifyIDchallengeUITests/Pods-unifyIDchallengeUITests-resources.sh\"\n";
			showEnvVarsInLog = 0;
		};
		75661C55B14E440CAD7D0188 /* [CP] Embed Pods Frameworks */ = {
			isa = PBXShellScriptBuildPhase;
			buildActionMask = 2147483647;
			files = (
			);
			inputPaths = (
			);
			name = "[CP] Embed Pods Frameworks";
			outputPaths = (
			);
			runOnlyForDeploymentPostprocessing = 0;
			shellPath = /bin/sh;
			shellScript = "\"${SRCROOT}/Pods/Target Support Files/Pods-unifyIDchallengeUITests/Pods-unifyIDchallengeUITests-frameworks.sh\"\n";
			showEnvVarsInLog = 0;
		};
		8FA848F609BA62DEC0215D47 /* [CP] Embed Pods Frameworks */ = {
			isa = PBXShellScriptBuildPhase;
			buildActionMask = 2147483647;
			files = (
			);
			inputPaths = (
			);
			name = "[CP] Embed Pods Frameworks";
			outputPaths = (
			);
			runOnlyForDeploymentPostprocessing = 0;
			shellPath = /bin/sh;
			shellScript = "\"${SRCROOT}/Pods/Target Support Files/Pods-unifyIDchallengeTests/Pods-unifyIDchallengeTests-frameworks.sh\"\n";
			showEnvVarsInLog = 0;
		};
		D4419B7AC5C0862BF142BB1C /* [CP] Check Pods Manifest.lock */ = {
			isa = PBXShellScriptBuildPhase;
			buildActionMask = 2147483647;
			files = (
			);
			inputPaths = (
			);
			name = "[CP] Check Pods Manifest.lock";
			outputPaths = (
			);
			runOnlyForDeploymentPostprocessing = 0;
			shellPath = /bin/sh;
			shellScript = "diff \"${PODS_ROOT}/../Podfile.lock\" \"${PODS_ROOT}/Manifest.lock\" > /dev/null\nif [ $? != 0 ] ; then\n    # print error to STDERR\n    echo \"error: The sandbox is not in sync with the Podfile.lock. Run 'pod install' or update your CocoaPods installation.\" >&2\n    exit 1\nfi\n";
			showEnvVarsInLog = 0;
		};
		EB4CC799AD59BB7EAAF935AF /* [CP] Check Pods Manifest.lock */ = {
			isa = PBXShellScriptBuildPhase;
			buildActionMask = 2147483647;
			files = (
			);
			inputPaths = (
			);
			name = "[CP] Check Pods Manifest.lock";
			outputPaths = (
			);
			runOnlyForDeploymentPostprocessing = 0;
			shellPath = /bin/sh;
			shellScript = "diff \"${PODS_ROOT}/../Podfile.lock\" \"${PODS_ROOT}/Manifest.lock\" > /dev/null\nif [ $? != 0 ] ; then\n    # print error to STDERR\n    echo \"error: The sandbox is not in sync with the Podfile.lock. Run 'pod install' or update your CocoaPods installation.\" >&2\n    exit 1\nfi\n";
			showEnvVarsInLog = 0;
		};
		F79751C29330EF1FDAC9C418 /* [CP] Copy Pods Resources */ = {
			isa = PBXShellScriptBuildPhase;
			buildActionMask = 2147483647;
			files = (
			);
			inputPaths = (
			);
			name = "[CP] Copy Pods Resources";
			outputPaths = (
			);
			runOnlyForDeploymentPostprocessing = 0;
			shellPath = /bin/sh;
			shellScript = "\"${SRCROOT}/Pods/Target Support Files/Pods-unifyIDchallenge/Pods-unifyIDchallenge-resources.sh\"\n";
			showEnvVarsInLog = 0;
		};
		F9A1C18D20F7A2CA2626720D /* [CP] Check Pods Manifest.lock */ = {
			isa = PBXShellScriptBuildPhase;
			buildActionMask = 2147483647;
			files = (
			);
			inputPaths = (
			);
			name = "[CP] Check Pods Manifest.lock";
			outputPaths = (
			);
			runOnlyForDeploymentPostprocessing = 0;
			shellPath = /bin/sh;
			shellScript = "diff \"${PODS_ROOT}/../Podfile.lock\" \"${PODS_ROOT}/Manifest.lock\" > /dev/null\nif [ $? != 0 ] ; then\n    # print error to STDERR\n    echo \"error: The sandbox is not in sync with the Podfile.lock. Run 'pod install' or update your CocoaPods installation.\" >&2\n    exit 1\nfi\n";
			showEnvVarsInLog = 0;
		};
/* End PBXShellScriptBuildPhase section */

/* Begin PBXSourcesBuildPhase section */
		2D79C98C1EE75EEA00D57FB3 /* Sources */ = {
			isa = PBXSourcesBuildPhase;
			buildActionMask = 2147483647;
			files = (
				2D79C9961EE75EEA00D57FB3 /* ViewController.swift in Sources */,
				2D79C9941EE75EEA00D57FB3 /* AppDelegate.swift in Sources */,
				2D79C99C1EE75EEA00D57FB3 /* unifyIDchallenge.xcdatamodeld in Sources */,
			);
			runOnlyForDeploymentPostprocessing = 0;
		};
		2D79C9A31EE75EEA00D57FB3 /* Sources */ = {
			isa = PBXSourcesBuildPhase;
			buildActionMask = 2147483647;
			files = (
				2D79C9AC1EE75EEA00D57FB3 /* unifyIDchallengeTests.swift in Sources */,
			);
			runOnlyForDeploymentPostprocessing = 0;
		};
		2D79C9AE1EE75EEA00D57FB3 /* Sources */ = {
			isa = PBXSourcesBuildPhase;
			buildActionMask = 2147483647;
			files = (
				2D79C9B71EE75EEA00D57FB3 /* unifyIDchallengeUITests.swift in Sources */,
			);
			runOnlyForDeploymentPostprocessing = 0;
		};
/* End PBXSourcesBuildPhase section */

/* Begin PBXTargetDependency section */
		2D79C9A91EE75EEA00D57FB3 /* PBXTargetDependency */ = {
			isa = PBXTargetDependency;
			target = 2D79C98F1EE75EEA00D57FB3 /* unifyIDchallenge */;
			targetProxy = 2D79C9A81EE75EEA00D57FB3 /* PBXContainerItemProxy */;
		};
		2D79C9B41EE75EEA00D57FB3 /* PBXTargetDependency */ = {
			isa = PBXTargetDependency;
			target = 2D79C98F1EE75EEA00D57FB3 /* unifyIDchallenge */;
			targetProxy = 2D79C9B31EE75EEA00D57FB3 /* PBXContainerItemProxy */;
		};
/* End PBXTargetDependency section */

/* Begin PBXVariantGroup section */
		2D79C9971EE75EEA00D57FB3 /* Main.storyboard */ = {
			isa = PBXVariantGroup;
			children = (
				2D79C9981EE75EEA00D57FB3 /* Base */,
			);
			name = Main.storyboard;
			sourceTree = "<group>";
		};
		2D79C99F1EE75EEA00D57FB3 /* LaunchScreen.storyboard */ = {
			isa = PBXVariantGroup;
			children = (
				2D79C9A01EE75EEA00D57FB3 /* Base */,
			);
			name = LaunchScreen.storyboard;
			sourceTree = "<group>";
		};
/* End PBXVariantGroup section */

/* Begin XCBuildConfiguration section */
		2D79C9B91EE75EEA00D57FB3 /* Debug */ = {
			isa = XCBuildConfiguration;
			buildSettings = {
				ALWAYS_SEARCH_USER_PATHS = NO;
				CLANG_ANALYZER_NONNULL = YES;
				CLANG_CXX_LANGUAGE_STANDARD = "gnu++0x";
				CLANG_CXX_LIBRARY = "libc++";
				CLANG_ENABLE_MODULES = YES;
				CLANG_ENABLE_OBJC_ARC = YES;
				CLANG_WARN_BOOL_CONVERSION = YES;
				CLANG_WARN_CONSTANT_CONVERSION = YES;
				CLANG_WARN_DIRECT_OBJC_ISA_USAGE = YES_ERROR;
				CLANG_WARN_DOCUMENTATION_COMMENTS = YES;
				CLANG_WARN_EMPTY_BODY = YES;
				CLANG_WARN_ENUM_CONVERSION = YES;
				CLANG_WARN_INFINITE_RECURSION = YES;
				CLANG_WARN_INT_CONVERSION = YES;
				CLANG_WARN_OBJC_ROOT_CLASS = YES_ERROR;
				CLANG_WARN_SUSPICIOUS_MOVE = YES;
				CLANG_WARN_UNREACHABLE_CODE = YES;
				CLANG_WARN__DUPLICATE_METHOD_MATCH = YES;
				"CODE_SIGN_IDENTITY[sdk=iphoneos*]" = "iPhone Developer";
				COPY_PHASE_STRIP = NO;
				DEBUG_INFORMATION_FORMAT = dwarf;
				ENABLE_STRICT_OBJC_MSGSEND = YES;
				ENABLE_TESTABILITY = YES;
				GCC_C_LANGUAGE_STANDARD = gnu99;
				GCC_DYNAMIC_NO_PIC = NO;
				GCC_NO_COMMON_BLOCKS = YES;
				GCC_OPTIMIZATION_LEVEL = 0;
				GCC_PREPROCESSOR_DEFINITIONS = (
					"DEBUG=1",
					"$(inherited)",
				);
				GCC_WARN_64_TO_32_BIT_CONVERSION = YES;
				GCC_WARN_ABOUT_RETURN_TYPE = YES_ERROR;
				GCC_WARN_UNDECLARED_SELECTOR = YES;
				GCC_WARN_UNINITIALIZED_AUTOS = YES_AGGRESSIVE;
				GCC_WARN_UNUSED_FUNCTION = YES;
				GCC_WARN_UNUSED_VARIABLE = YES;
				IPHONEOS_DEPLOYMENT_TARGET = 10.2;
				MTL_ENABLE_DEBUG_INFO = YES;
				ONLY_ACTIVE_ARCH = YES;
				SDKROOT = iphoneos;
				SWIFT_ACTIVE_COMPILATION_CONDITIONS = DEBUG;
				SWIFT_OPTIMIZATION_LEVEL = "-Onone";
				TARGETED_DEVICE_FAMILY = "1,2";
			};
			name = Debug;
		};
		2D79C9BA1EE75EEA00D57FB3 /* Release */ = {
			isa = XCBuildConfiguration;
			buildSettings = {
				ALWAYS_SEARCH_USER_PATHS = NO;
				CLANG_ANALYZER_NONNULL = YES;
				CLANG_CXX_LANGUAGE_STANDARD = "gnu++0x";
				CLANG_CXX_LIBRARY = "libc++";
				CLANG_ENABLE_MODULES = YES;
				CLANG_ENABLE_OBJC_ARC = YES;
				CLANG_WARN_BOOL_CONVERSION = YES;
				CLANG_WARN_CONSTANT_CONVERSION = YES;
				CLANG_WARN_DIRECT_OBJC_ISA_USAGE = YES_ERROR;
				CLANG_WARN_DOCUMENTATION_COMMENTS = YES;
				CLANG_WARN_EMPTY_BODY = YES;
				CLANG_WARN_ENUM_CONVERSION = YES;
				CLANG_WARN_INFINITE_RECURSION = YES;
				CLANG_WARN_INT_CONVERSION = YES;
				CLANG_WARN_OBJC_ROOT_CLASS = YES_ERROR;
				CLANG_WARN_SUSPICIOUS_MOVE = YES;
				CLANG_WARN_UNREACHABLE_CODE = YES;
				CLANG_WARN__DUPLICATE_METHOD_MATCH = YES;
				"CODE_SIGN_IDENTITY[sdk=iphoneos*]" = "iPhone Developer";
				COPY_PHASE_STRIP = NO;
				DEBUG_INFORMATION_FORMAT = "dwarf-with-dsym";
				ENABLE_NS_ASSERTIONS = NO;
				ENABLE_STRICT_OBJC_MSGSEND = YES;
				GCC_C_LANGUAGE_STANDARD = gnu99;
				GCC_NO_COMMON_BLOCKS = YES;
				GCC_WARN_64_TO_32_BIT_CONVERSION = YES;
				GCC_WARN_ABOUT_RETURN_TYPE = YES_ERROR;
				GCC_WARN_UNDECLARED_SELECTOR = YES;
				GCC_WARN_UNINITIALIZED_AUTOS = YES_AGGRESSIVE;
				GCC_WARN_UNUSED_FUNCTION = YES;
				GCC_WARN_UNUSED_VARIABLE = YES;
				IPHONEOS_DEPLOYMENT_TARGET = 10.2;
				MTL_ENABLE_DEBUG_INFO = NO;
				SDKROOT = iphoneos;
				SWIFT_OPTIMIZATION_LEVEL = "-Owholemodule";
				TARGETED_DEVICE_FAMILY = "1,2";
				VALIDATE_PRODUCT = YES;
			};
			name = Release;
		};
		2D79C9BC1EE75EEA00D57FB3 /* Debug */ = {
			isa = XCBuildConfiguration;
			baseConfigurationReference = 614CC87A0818D0604C0769F3 /* Pods-unifyIDchallenge.debug.xcconfig */;
			buildSettings = {
				ASSETCATALOG_COMPILER_APPICON_NAME = AppIcon;
				DEVELOPMENT_TEAM = 59Q8U3U6SS;
				INFOPLIST_FILE = unifyIDchallenge/Info.plist;
				LD_RUNPATH_SEARCH_PATHS = "$(inherited) @executable_path/Frameworks";
				PRODUCT_BUNDLE_IDENTIFIER = MK.unifyIDchallenge;
				PRODUCT_NAME = "$(TARGET_NAME)";
				SWIFT_VERSION = 3.0;
			};
			name = Debug;
		};
		2D79C9BD1EE75EEA00D57FB3 /* Release */ = {
			isa = XCBuildConfiguration;
			baseConfigurationReference = DCBBBFFE8EFBF5E9B0FF4259 /* Pods-unifyIDchallenge.release.xcconfig */;
			buildSettings = {
				ASSETCATALOG_COMPILER_APPICON_NAME = AppIcon;
				DEVELOPMENT_TEAM = 59Q8U3U6SS;
				INFOPLIST_FILE = unifyIDchallenge/Info.plist;
				LD_RUNPATH_SEARCH_PATHS = "$(inherited) @executable_path/Frameworks";
				PRODUCT_BUNDLE_IDENTIFIER = MK.unifyIDchallenge;
				PRODUCT_NAME = "$(TARGET_NAME)";
				SWIFT_VERSION = 3.0;
			};
			name = Release;
		};
		2D79C9BF1EE75EEA00D57FB3 /* Debug */ = {
			isa = XCBuildConfiguration;
			baseConfigurationReference = BD247D2970160EDFC8923DC2 /* Pods-unifyIDchallengeTests.debug.xcconfig */;
			buildSettings = {
				ALWAYS_EMBED_SWIFT_STANDARD_LIBRARIES = YES;
				BUNDLE_LOADER = "$(TEST_HOST)";
				DEVELOPMENT_TEAM = 59Q8U3U6SS;
				INFOPLIST_FILE = unifyIDchallengeTests/Info.plist;
				LD_RUNPATH_SEARCH_PATHS = "$(inherited) @executable_path/Frameworks @loader_path/Frameworks";
				PRODUCT_BUNDLE_IDENTIFIER = MK.unifyIDchallengeTests;
				PRODUCT_NAME = "$(TARGET_NAME)";
				SWIFT_VERSION = 3.0;
				TEST_HOST = "$(BUILT_PRODUCTS_DIR)/unifyIDchallenge.app/unifyIDchallenge";
			};
			name = Debug;
		};
		2D79C9C01EE75EEA00D57FB3 /* Release */ = {
			isa = XCBuildConfiguration;
			baseConfigurationReference = 780A64C97528C9EE211635B4 /* Pods-unifyIDchallengeTests.release.xcconfig */;
			buildSettings = {
				ALWAYS_EMBED_SWIFT_STANDARD_LIBRARIES = YES;
				BUNDLE_LOADER = "$(TEST_HOST)";
				DEVELOPMENT_TEAM = 59Q8U3U6SS;
				INFOPLIST_FILE = unifyIDchallengeTests/Info.plist;
				LD_RUNPATH_SEARCH_PATHS = "$(inherited) @executable_path/Frameworks @loader_path/Frameworks";
				PRODUCT_BUNDLE_IDENTIFIER = MK.unifyIDchallengeTests;
				PRODUCT_NAME = "$(TARGET_NAME)";
				SWIFT_VERSION = 3.0;
				TEST_HOST = "$(BUILT_PRODUCTS_DIR)/unifyIDchallenge.app/unifyIDchallenge";
			};
			name = Release;
		};
		2D79C9C21EE75EEA00D57FB3 /* Debug */ = {
			isa = XCBuildConfiguration;
			baseConfigurationReference = A10D3A8AFD4BAA35A6E3B806 /* Pods-unifyIDchallengeUITests.debug.xcconfig */;
			buildSettings = {
				ALWAYS_EMBED_SWIFT_STANDARD_LIBRARIES = YES;
				DEVELOPMENT_TEAM = 59Q8U3U6SS;
				INFOPLIST_FILE = unifyIDchallengeUITests/Info.plist;
				LD_RUNPATH_SEARCH_PATHS = "$(inherited) @executable_path/Frameworks @loader_path/Frameworks";
				PRODUCT_BUNDLE_IDENTIFIER = MK.unifyIDchallengeUITests;
				PRODUCT_NAME = "$(TARGET_NAME)";
				SWIFT_VERSION = 3.0;
				TEST_TARGET_NAME = unifyIDchallenge;
			};
			name = Debug;
		};
		2D79C9C31EE75EEA00D57FB3 /* Release */ = {
			isa = XCBuildConfiguration;
			baseConfigurationReference = 10511DD76A0747EDD3A7E89A /* Pods-unifyIDchallengeUITests.release.xcconfig */;
			buildSettings = {
				ALWAYS_EMBED_SWIFT_STANDARD_LIBRARIES = YES;
				DEVELOPMENT_TEAM = 59Q8U3U6SS;
				INFOPLIST_FILE = unifyIDchallengeUITests/Info.plist;
				LD_RUNPATH_SEARCH_PATHS = "$(inherited) @executable_path/Frameworks @loader_path/Frameworks";
				PRODUCT_BUNDLE_IDENTIFIER = MK.unifyIDchallengeUITests;
				PRODUCT_NAME = "$(TARGET_NAME)";
				SWIFT_VERSION = 3.0;
				TEST_TARGET_NAME = unifyIDchallenge;
			};
			name = Release;
		};
/* End XCBuildConfiguration section */

/* Begin XCConfigurationList section */
		2D79C98B1EE75EEA00D57FB3 /* Build configuration list for PBXProject "unifyIDchallenge" */ = {
			isa = XCConfigurationList;
			buildConfigurations = (
				2D79C9B91EE75EEA00D57FB3 /* Debug */,
				2D79C9BA1EE75EEA00D57FB3 /* Release */,
			);
			defaultConfigurationIsVisible = 0;
			defaultConfigurationName = Release;
		};
		2D79C9BB1EE75EEA00D57FB3 /* Build configuration list for PBXNativeTarget "unifyIDchallenge" */ = {
			isa = XCConfigurationList;
			buildConfigurations = (
				2D79C9BC1EE75EEA00D57FB3 /* Debug */,
				2D79C9BD1EE75EEA00D57FB3 /* Release */,
			);
			defaultConfigurationIsVisible = 0;
		};
		2D79C9BE1EE75EEA00D57FB3 /* Build configuration list for PBXNativeTarget "unifyIDchallengeTests" */ = {
			isa = XCConfigurationList;
			buildConfigurations = (
				2D79C9BF1EE75EEA00D57FB3 /* Debug */,
				2D79C9C01EE75EEA00D57FB3 /* Release */,
			);
			defaultConfigurationIsVisible = 0;
		};
		2D79C9C11EE75EEA00D57FB3 /* Build configuration list for PBXNativeTarget "unifyIDchallengeUITests" */ = {
			isa = XCConfigurationList;
			buildConfigurations = (
				2D79C9C21EE75EEA00D57FB3 /* Debug */,
				2D79C9C31EE75EEA00D57FB3 /* Release */,
			);
			defaultConfigurationIsVisible = 0;
		};
/* End XCConfigurationList section */

/* Begin XCVersionGroup section */
		2D79C99A1EE75EEA00D57FB3 /* unifyIDchallenge.xcdatamodeld */ = {
			isa = XCVersionGroup;
			children = (
				2D79C99B1EE75EEA00D57FB3 /* unifyIDchallenge.xcdatamodel */,
			);
			currentVersion = 2D79C99B1EE75EEA00D57FB3 /* unifyIDchallenge.xcdatamodel */;
			path = unifyIDchallenge.xcdatamodeld;
			sourceTree = "<group>";
			versionGroupType = wrapper.xcdatamodel;
		};
/* End XCVersionGroup section */
	};
	rootObject = 2D79C9881EE75EEA00D57FB3 /* Project object */;
}
